// !$*UTF8*$!
{
	archiveVersion = 1;
	classes = {
	};
	objectVersion = 56;
	objects = {

/* Begin PBXBuildFile section */
		596F5B432C8EE319001B089A /* lesson_8_againApp.swift in Sources */ = {isa = PBXBuildFile; fileRef = 596F5B422C8EE319001B089A /* lesson_8_againApp.swift */; };
		596F5B452C8EE319001B089A /* ContentView.swift in Sources */ = {isa = PBXBuildFile; fileRef = 596F5B442C8EE319001B089A /* ContentView.swift */; };
		596F5B472C8EE31B001B089A /* Assets.xcassets in Resources */ = {isa = PBXBuildFile; fileRef = 596F5B462C8EE31B001B089A /* Assets.xcassets */; };
		596F5B4A2C8EE31B001B089A /* Preview Assets.xcassets in Resources */ = {isa = PBXBuildFile; fileRef = 596F5B492C8EE31B001B089A /* Preview Assets.xcassets */; };
		596F5B542C8EE31B001B089A /* lesson_8_againTests.swift in Sources */ = {isa = PBXBuildFile; fileRef = 596F5B532C8EE31B001B089A /* lesson_8_againTests.swift */; };
		596F5B5E2C8EE31B001B089A /* lesson_8_againUITests.swift in Sources */ = {isa = PBXBuildFile; fileRef = 596F5B5D2C8EE31B001B089A /* lesson_8_againUITests.swift */; };
		596F5B602C8EE31B001B089A /* lesson_8_againUITestsLaunchTests.swift in Sources */ = {isa = PBXBuildFile; fileRef = 596F5B5F2C8EE31B001B089A /* lesson_8_againUITestsLaunchTests.swift */; };
/* End PBXBuildFile section */

/* Begin PBXContainerItemProxy section */
		596F5B502C8EE31B001B089A /* PBXContainerItemProxy */ = {
			isa = PBXContainerItemProxy;
			containerPortal = 596F5B372C8EE319001B089A /* Project object */;
			proxyType = 1;
			remoteGlobalIDString = 596F5B3E2C8EE319001B089A;
			remoteInfo = "lesson 8 again";
		};
		596F5B5A2C8EE31B001B089A /* PBXContainerItemProxy */ = {
			isa = PBXContainerItemProxy;
			containerPortal = 596F5B372C8EE319001B089A /* Project object */;
			proxyType = 1;
			remoteGlobalIDString = 596F5B3E2C8EE319001B089A;
			remoteInfo = "lesson 8 again";
		};
/* End PBXContainerItemProxy section */

/* Begin PBXFileReference section */
		596F5B3F2C8EE319001B089A /* lesson 8 again.app */ = {isa = PBXFileReference; explicitFileType = wrapper.application; includeInIndex = 0; path = "lesson 8 again.app"; sourceTree = BUILT_PRODUCTS_DIR; };
		596F5B422C8EE319001B089A /* lesson_8_againApp.swift */ = {isa = PBXFileReference; lastKnownFileType = sourcecode.swift; path = lesson_8_againApp.swift; sourceTree = "<group>"; };
		596F5B442C8EE319001B089A /* ContentView.swift */ = {isa = PBXFileReference; lastKnownFileType = sourcecode.swift; path = ContentView.swift; sourceTree = "<group>"; };
		596F5B462C8EE31B001B089A /* Assets.xcassets */ = {isa = PBXFileReference; lastKnownFileType = folder.assetcatalog; path = Assets.xcassets; sourceTree = "<group>"; };
		596F5B492C8EE31B001B089A /* Preview Assets.xcassets */ = {isa = PBXFileReference; lastKnownFileType = folder.assetcatalog; path = "Preview Assets.xcassets"; sourceTree = "<group>"; };
		596F5B4F2C8EE31B001B089A /* lesson 8 againTests.xctest */ = {isa = PBXFileReference; explicitFileType = wrapper.cfbundle; includeInIndex = 0; path = "lesson 8 againTests.xctest"; sourceTree = BUILT_PRODUCTS_DIR; };
		596F5B532C8EE31B001B089A /* lesson_8_againTests.swift */ = {isa = PBXFileReference; lastKnownFileType = sourcecode.swift; path = lesson_8_againTests.swift; sourceTree = "<group>"; };
		596F5B592C8EE31B001B089A /* lesson 8 againUITests.xctest */ = {isa = PBXFileReference; explicitFileType = wrapper.cfbundle; includeInIndex = 0; path = "lesson 8 againUITests.xctest"; sourceTree = BUILT_PRODUCTS_DIR; };
		596F5B5D2C8EE31B001B089A /* lesson_8_againUITests.swift */ = {isa = PBXFileReference; lastKnownFileType = sourcecode.swift; path = lesson_8_againUITests.swift; sourceTree = "<group>"; };
		596F5B5F2C8EE31B001B089A /* lesson_8_againUITestsLaunchTests.swift */ = {isa = PBXFileReference; lastKnownFileType = sourcecode.swift; path = lesson_8_againUITestsLaunchTests.swift; sourceTree = "<group>"; };
/* End PBXFileReference section */

/* Begin PBXFrameworksBuildPhase section */
		596F5B3C2C8EE319001B089A /* Frameworks */ = {
			isa = PBXFrameworksBuildPhase;
			buildActionMask = 2147483647;
			files = (
			);
			runOnlyForDeploymentPostprocessing = 0;
		};
		596F5B4C2C8EE31B001B089A /* Frameworks */ = {
			isa = PBXFrameworksBuildPhase;
			buildActionMask = 2147483647;
			files = (
			);
			runOnlyForDeploymentPostprocessing = 0;
		};
		596F5B562C8EE31B001B089A /* Frameworks */ = {
			isa = PBXFrameworksBuildPhase;
			buildActionMask = 2147483647;
			files = (
			);
			runOnlyForDeploymentPostprocessing = 0;
		};
/* End PBXFrameworksBuildPhase section */

/* Begin PBXGroup section */
		596F5B362C8EE319001B089A = {
			isa = PBXGroup;
			children = (
				596F5B412C8EE319001B089A /* lesson 8 again */,
				596F5B522C8EE31B001B089A /* lesson 8 againTests */,
				596F5B5C2C8EE31B001B089A /* lesson 8 againUITests */,
				596F5B402C8EE319001B089A /* Products */,
			);
			sourceTree = "<group>";
		};
		596F5B402C8EE319001B089A /* Products */ = {
			isa = PBXGroup;
			children = (
				596F5B3F2C8EE319001B089A /* lesson 8 again.app */,
				596F5B4F2C8EE31B001B089A /* lesson 8 againTests.xctest */,
				596F5B592C8EE31B001B089A /* lesson 8 againUITests.xctest */,
			);
			name = Products;
			sourceTree = "<group>";
		};
		596F5B412C8EE319001B089A /* lesson 8 again */ = {
			isa = PBXGroup;
			children = (
				596F5B422C8EE319001B089A /* lesson_8_againApp.swift */,
				596F5B442C8EE319001B089A /* ContentView.swift */,
				596F5B462C8EE31B001B089A /* Assets.xcassets */,
				596F5B482C8EE31B001B089A /* Preview Content */,
			);
			path = "lesson 8 again";
			sourceTree = "<group>";
		};
		596F5B482C8EE31B001B089A /* Preview Content */ = {
			isa = PBXGroup;
			children = (
				596F5B492C8EE31B001B089A /* Preview Assets.xcassets */,
			);
			path = "Preview Content";
			sourceTree = "<group>";
		};
		596F5B522C8EE31B001B089A /* lesson 8 againTests */ = {
			isa = PBXGroup;
			children = (
				596F5B532C8EE31B001B089A /* lesson_8_againTests.swift */,
			);
			path = "lesson 8 againTests";
			sourceTree = "<group>";
		};
		596F5B5C2C8EE31B001B089A /* lesson 8 againUITests */ = {
			isa = PBXGroup;
			children = (
				596F5B5D2C8EE31B001B089A /* lesson_8_againUITests.swift */,
				596F5B5F2C8EE31B001B089A /* lesson_8_againUITestsLaunchTests.swift */,
			);
			path = "lesson 8 againUITests";
			sourceTree = "<group>";
		};
/* End PBXGroup section */

/* Begin PBXNativeTarget section */
		596F5B3E2C8EE319001B089A /* lesson 8 again */ = {
			isa = PBXNativeTarget;
			buildConfigurationList = 596F5B632C8EE31B001B089A /* Build configuration list for PBXNativeTarget "lesson 8 again" */;
			buildPhases = (
				596F5B3B2C8EE319001B089A /* Sources */,
				596F5B3C2C8EE319001B089A /* Frameworks */,
				596F5B3D2C8EE319001B089A /* Resources */,
			);
			buildRules = (
			);
			dependencies = (
			);
			name = "lesson 8 again";
			productName = "lesson 8 again";
			productReference = 596F5B3F2C8EE319001B089A /* lesson 8 again.app */;
			productType = "com.apple.product-type.application";
		};
		596F5B4E2C8EE31B001B089A /* lesson 8 againTests */ = {
			isa = PBXNativeTarget;
			buildConfigurationList = 596F5B662C8EE31B001B089A /* Build configuration list for PBXNativeTarget "lesson 8 againTests" */;
			buildPhases = (
				596F5B4B2C8EE31B001B089A /* Sources */,
				596F5B4C2C8EE31B001B089A /* Frameworks */,
				596F5B4D2C8EE31B001B089A /* Resources */,
			);
			buildRules = (
			);
			dependencies = (
				596F5B512C8EE31B001B089A /* PBXTargetDependency */,
			);
			name = "lesson 8 againTests";
			productName = "lesson 8 againTests";
			productReference = 596F5B4F2C8EE31B001B089A /* lesson 8 againTests.xctest */;
			productType = "com.apple.product-type.bundle.unit-test";
		};
		596F5B582C8EE31B001B089A /* lesson 8 againUITests */ = {
			isa = PBXNativeTarget;
			buildConfigurationList = 596F5B692C8EE31B001B089A /* Build configuration list for PBXNativeTarget "lesson 8 againUITests" */;
			buildPhases = (
				596F5B552C8EE31B001B089A /* Sources */,
				596F5B562C8EE31B001B089A /* Frameworks */,
				596F5B572C8EE31B001B089A /* Resources */,
			);
			buildRules = (
			);
			dependencies = (
				596F5B5B2C8EE31B001B089A /* PBXTargetDependency */,
			);
			name = "lesson 8 againUITests";
			productName = "lesson 8 againUITests";
			productReference = 596F5B592C8EE31B001B089A /* lesson 8 againUITests.xctest */;
			productType = "com.apple.product-type.bundle.ui-testing";
		};
/* End PBXNativeTarget section */

/* Begin PBXProject section */
		596F5B372C8EE319001B089A /* Project object */ = {
			isa = PBXProject;
			attributes = {
				BuildIndependentTargetsInParallel = 1;
				LastSwiftUpdateCheck = 1540;
				LastUpgradeCheck = 1540;
				TargetAttributes = {
					596F5B3E2C8EE319001B089A = {
						CreatedOnToolsVersion = 15.4;
					};
					596F5B4E2C8EE31B001B089A = {
						CreatedOnToolsVersion = 15.4;
						TestTargetID = 596F5B3E2C8EE319001B089A;
					};
					596F5B582C8EE31B001B089A = {
						CreatedOnToolsVersion = 15.4;
						TestTargetID = 596F5B3E2C8EE319001B089A;
					};
				};
			};
			buildConfigurationList = 596F5B3A2C8EE319001B089A /* Build configuration list for PBXProject "lesson 8 again" */;
			compatibilityVersion = "Xcode 14.0";
			developmentRegion = en;
			hasScannedForEncodings = 0;
			knownRegions = (
				en,
				Base,
			);
			mainGroup = 596F5B362C8EE319001B089A;
			productRefGroup = 596F5B402C8EE319001B089A /* Products */;
			projectDirPath = "";
			projectRoot = "";
			targets = (
				596F5B3E2C8EE319001B089A /* lesson 8 again */,
				596F5B4E2C8EE31B001B089A /* lesson 8 againTests */,
				596F5B582C8EE31B001B089A /* lesson 8 againUITests */,
			);
		};
/* End PBXProject section */

/* Begin PBXResourcesBuildPhase section */
		596F5B3D2C8EE319001B089A /* Resources */ = {
			isa = PBXResourcesBuildPhase;
			buildActionMask = 2147483647;
			files = (
				596F5B4A2C8EE31B001B089A /* Preview Assets.xcassets in Resources */,
				596F5B472C8EE31B001B089A /* Assets.xcassets in Resources */,
			);
			runOnlyForDeploymentPostprocessing = 0;
		};
		596F5B4D2C8EE31B001B089A /* Resources */ = {
			isa = PBXResourcesBuildPhase;
			buildActionMask = 2147483647;
			files = (
			);
			runOnlyForDeploymentPostprocessing = 0;
		};
		596F5B572C8EE31B001B089A /* Resources */ = {
			isa = PBXResourcesBuildPhase;
			buildActionMask = 2147483647;
			files = (
			);
			runOnlyForDeploymentPostprocessing = 0;
		};
/* End PBXResourcesBuildPhase section */

/* Begin PBXSourcesBuildPhase section */
		596F5B3B2C8EE319001B089A /* Sources */ = {
			isa = PBXSourcesBuildPhase;
			buildActionMask = 2147483647;
			files = (
				596F5B452C8EE319001B089A /* ContentView.swift in Sources */,
				596F5B432C8EE319001B089A /* lesson_8_againApp.swift in Sources */,
			);
			runOnlyForDeploymentPostprocessing = 0;
		};
		596F5B4B2C8EE31B001B089A /* Sources */ = {
			isa = PBXSourcesBuildPhase;
			buildActionMask = 2147483647;
			files = (
				596F5B542C8EE31B001B089A /* lesson_8_againTests.swift in Sources */,
			);
			runOnlyForDeploymentPostprocessing = 0;
		};
		596F5B552C8EE31B001B089A /* Sources */ = {
			isa = PBXSourcesBuildPhase;
			buildActionMask = 2147483647;
			files = (
				596F5B602C8EE31B001B089A /* lesson_8_againUITestsLaunchTests.swift in Sources */,
				596F5B5E2C8EE31B001B089A /* lesson_8_againUITests.swift in Sources */,
			);
			runOnlyForDeploymentPostprocessing = 0;
		};
/* End PBXSourcesBuildPhase section */

/* Begin PBXTargetDependency section */
		596F5B512C8EE31B001B089A /* PBXTargetDependency */ = {
			isa = PBXTargetDependency;
			target = 596F5B3E2C8EE319001B089A /* lesson 8 again */;
			targetProxy = 596F5B502C8EE31B001B089A /* PBXContainerItemProxy */;
		};
		596F5B5B2C8EE31B001B089A /* PBXTargetDependency */ = {
			isa = PBXTargetDependency;
			target = 596F5B3E2C8EE319001B089A /* lesson 8 again */;
			targetProxy = 596F5B5A2C8EE31B001B089A /* PBXContainerItemProxy */;
		};
/* End PBXTargetDependency section */

/* Begin XCBuildConfiguration section */
		596F5B612C8EE31B001B089A /* Debug */ = {
			isa = XCBuildConfiguration;
			buildSettings = {
				ALWAYS_SEARCH_USER_PATHS = NO;
				ASSETCATALOG_COMPILER_GENERATE_SWIFT_ASSET_SYMBOL_EXTENSIONS = YES;
				CLANG_ANALYZER_NONNULL = YES;
				CLANG_ANALYZER_NUMBER_OBJECT_CONVERSION = YES_AGGRESSIVE;
				CLANG_CXX_LANGUAGE_STANDARD = "gnu++20";
				CLANG_ENABLE_MODULES = YES;
				CLANG_ENABLE_OBJC_ARC = YES;
				CLANG_ENABLE_OBJC_WEAK = YES;
				CLANG_WARN_BLOCK_CAPTURE_AUTORELEASING = YES;
				CLANG_WARN_BOOL_CONVERSION = YES;
				CLANG_WARN_COMMA = YES;
				CLANG_WARN_CONSTANT_CONVERSION = YES;
				CLANG_WARN_DEPRECATED_OBJC_IMPLEMENTATIONS = YES;
				CLANG_WARN_DIRECT_OBJC_ISA_USAGE = YES_ERROR;
				CLANG_WARN_DOCUMENTATION_COMMENTS = YES;
				CLANG_WARN_EMPTY_BODY = YES;
				CLANG_WARN_ENUM_CONVERSION = YES;
				CLANG_WARN_INFINITE_RECURSION = YES;
				CLANG_WARN_INT_CONVERSION = YES;
				CLANG_WARN_NON_LITERAL_NULL_CONVERSION = YES;
				CLANG_WARN_OBJC_IMPLICIT_RETAIN_SELF = YES;
				CLANG_WARN_OBJC_LITERAL_CONVERSION = YES;
				CLANG_WARN_OBJC_ROOT_CLASS = YES_ERROR;
				CLANG_WARN_QUOTED_INCLUDE_IN_FRAMEWORK_HEADER = YES;
				CLANG_WARN_RANGE_LOOP_ANALYSIS = YES;
				CLANG_WARN_STRICT_PROTOTYPES = YES;
				CLANG_WARN_SUSPICIOUS_MOVE = YES;
				CLANG_WARN_UNGUARDED_AVAILABILITY = YES_AGGRESSIVE;
				CLANG_WARN_UNREACHABLE_CODE = YES;
				CLANG_WARN__DUPLICATE_METHOD_MATCH = YES;
				COPY_PHASE_STRIP = NO;
				DEBUG_INFORMATION_FORMAT = dwarf;
				ENABLE_STRICT_OBJC_MSGSEND = YES;
				ENABLE_TESTABILITY = YES;
				ENABLE_USER_SCRIPT_SANDBOXING = YES;
				GCC_C_LANGUAGE_STANDARD = gnu17;
				GCC_DYNAMIC_NO_PIC = NO;
				GCC_NO_COMMON_BLOCKS = YES;
				GCC_OPTIMIZATION_LEVEL = 0;
				GCC_PREPROCESSOR_DEFINITIONS = (
					"DEBUG=1",
					"$(inherited)",
				);
				GCC_WARN_64_TO_32_BIT_CONVERSION = YES;
				GCC_WARN_ABOUT_RETURN_TYPE = YES_ERROR;
				GCC_WARN_UNDECLARED_SELECTOR = YES;
				GCC_WARN_UNINITIALIZED_AUTOS = YES_AGGRESSIVE;
				GCC_WARN_UNUSED_FUNCTION = YES;
				GCC_WARN_UNUSED_VARIABLE = YES;
				IPHONEOS_DEPLOYMENT_TARGET = 17.5;
				LOCALIZATION_PREFERS_STRING_CATALOGS = YES;
				MTL_ENABLE_DEBUG_INFO = INCLUDE_SOURCE;
				MTL_FAST_MATH = YES;
				ONLY_ACTIVE_ARCH = YES;
				SDKROOT = iphoneos;
				SWIFT_ACTIVE_COMPILATION_CONDITIONS = "DEBUG $(inherited)";
				SWIFT_OPTIMIZATION_LEVEL = "-Onone";
			};
			name = Debug;
		};
		596F5B622C8EE31B001B089A /* Release */ = {
			isa = XCBuildConfiguration;
			buildSettings = {
				ALWAYS_SEARCH_USER_PATHS = NO;
				ASSETCATALOG_COMPILER_GENERATE_SWIFT_ASSET_SYMBOL_EXTENSIONS = YES;
				CLANG_ANALYZER_NONNULL = YES;
				CLANG_ANALYZER_NUMBER_OBJECT_CONVERSION = YES_AGGRESSIVE;
				CLANG_CXX_LANGUAGE_STANDARD = "gnu++20";
				CLANG_ENABLE_MODULES = YES;
				CLANG_ENABLE_OBJC_ARC = YES;
				CLANG_ENABLE_OBJC_WEAK = YES;
				CLANG_WARN_BLOCK_CAPTURE_AUTORELEASING = YES;
				CLANG_WARN_BOOL_CONVERSION = YES;
				CLANG_WARN_COMMA = YES;
				CLANG_WARN_CONSTANT_CONVERSION = YES;
				CLANG_WARN_DEPRECATED_OBJC_IMPLEMENTATIONS = YES;
				CLANG_WARN_DIRECT_OBJC_ISA_USAGE = YES_ERROR;
				CLANG_WARN_DOCUMENTATION_COMMENTS = YES;
				CLANG_WARN_EMPTY_BODY = YES;
				CLANG_WARN_ENUM_CONVERSION = YES;
				CLANG_WARN_INFINITE_RECURSION = YES;
				CLANG_WARN_INT_CONVERSION = YES;
				CLANG_WARN_NON_LITERAL_NULL_CONVERSION = YES;
				CLANG_WARN_OBJC_IMPLICIT_RETAIN_SELF = YES;
				CLANG_WARN_OBJC_LITERAL_CONVERSION = YES;
				CLANG_WARN_OBJC_ROOT_CLASS = YES_ERROR;
				CLANG_WARN_QUOTED_INCLUDE_IN_FRAMEWORK_HEADER = YES;
				CLANG_WARN_RANGE_LOOP_ANALYSIS = YES;
				CLANG_WARN_STRICT_PROTOTYPES = YES;
				CLANG_WARN_SUSPICIOUS_MOVE = YES;
				CLANG_WARN_UNGUARDED_AVAILABILITY = YES_AGGRESSIVE;
				CLANG_WARN_UNREACHABLE_CODE = YES;
				CLANG_WARN__DUPLICATE_METHOD_MATCH = YES;
				COPY_PHASE_STRIP = NO;
				DEBUG_INFORMATION_FORMAT = "dwarf-with-dsym";
				ENABLE_NS_ASSERTIONS = NO;
				ENABLE_STRICT_OBJC_MSGSEND = YES;
				ENABLE_USER_SCRIPT_SANDBOXING = YES;
				GCC_C_LANGUAGE_STANDARD = gnu17;
				GCC_NO_COMMON_BLOCKS = YES;
				GCC_WARN_64_TO_32_BIT_CONVERSION = YES;
				GCC_WARN_ABOUT_RETURN_TYPE = YES_ERROR;
				GCC_WARN_UNDECLARED_SELECTOR = YES;
				GCC_WARN_UNINITIALIZED_AUTOS = YES_AGGRESSIVE;
				GCC_WARN_UNUSED_FUNCTION = YES;
				GCC_WARN_UNUSED_VARIABLE = YES;
				IPHONEOS_DEPLOYMENT_TARGET = 17.5;
				LOCALIZATION_PREFERS_STRING_CATALOGS = YES;
				MTL_ENABLE_DEBUG_INFO = NO;
				MTL_FAST_MATH = YES;
				SDKROOT = iphoneos;
				SWIFT_COMPILATION_MODE = wholemodule;
				VALIDATE_PRODUCT = YES;
			};
			name = Release;
		};
		596F5B642C8EE31B001B089A /* Debug */ = {
			isa = XCBuildConfiguration;
			buildSettings = {
				ASSETCATALOG_COMPILER_APPICON_NAME = AppIcon;
				ASSETCATALOG_COMPILER_GLOBAL_ACCENT_COLOR_NAME = AccentColor;
				CODE_SIGN_STYLE = Automatic;
				CURRENT_PROJECT_VERSION = 1;
				DEVELOPMENT_ASSET_PATHS = "\"lesson 8 again/Preview Content\"";
				ENABLE_PREVIEWS = YES;
				GENERATE_INFOPLIST_FILE = YES;
				INFOPLIST_KEY_UIApplicationSceneManifest_Generation = YES;
				INFOPLIST_KEY_UIApplicationSupportsIndirectInputEvents = YES;
				INFOPLIST_KEY_UILaunchScreen_Generation = YES;
				INFOPLIST_KEY_UISupportedInterfaceOrientations_iPad = "UIInterfaceOrientationPortrait UIInterfaceOrientationPortraitUpsideDown UIInterfaceOrientationLandscapeLeft UIInterfaceOrientationLandscapeRight";
				INFOPLIST_KEY_UISupportedInterfaceOrientations_iPhone = "UIInterfaceOrientationPortrait UIInterfaceOrientationLandscapeLeft UIInterfaceOrientationLandscapeRight";
				LD_RUNPATH_SEARCH_PATHS = (
					"$(inherited)",
					"@executable_path/Frameworks",
				);
				MARKETING_VERSION = 1.0;
				PRODUCT_BUNDLE_IDENTIFIER = "sstinc.lesson-8-again";
				PRODUCT_NAME = "$(TARGET_NAME)";
				SWIFT_EMIT_LOC_STRINGS = YES;
				SWIFT_VERSION = 5.0;
				TARGETED_DEVICE_FAMILY = "1,2";
			};
			name = Debug;
		};
		596F5B652C8EE31B001B089A /* Release */ = {
			isa = XCBuildConfiguration;
			buildSettings = {
				ASSETCATALOG_COMPILER_APPICON_NAME = AppIcon;
				ASSETCATALOG_COMPILER_GLOBAL_ACCENT_COLOR_NAME = AccentColor;
				CODE_SIGN_STYLE = Automatic;
				CURRENT_PROJECT_VERSION = 1;
				DEVELOPMENT_ASSET_PATHS = "\"lesson 8 again/Preview Content\"";
				ENABLE_PREVIEWS = YES;
				GENERATE_INFOPLIST_FILE = YES;
				INFOPLIST_KEY_UIApplicationSceneManifest_Generation = YES;
				INFOPLIST_KEY_UIApplicationSupportsIndirectInputEvents = YES;
				INFOPLIST_KEY_UILaunchScreen_Generation = YES;
				INFOPLIST_KEY_UISupportedInterfaceOrientations_iPad = "UIInterfaceOrientationPortrait UIInterfaceOrientationPortraitUpsideDown UIInterfaceOrientationLandscapeLeft UIInterfaceOrientationLandscapeRight";
				INFOPLIST_KEY_UISupportedInterfaceOrientations_iPhone = "UIInterfaceOrientationPortrait UIInterfaceOrientationLandscapeLeft UIInterfaceOrientationLandscapeRight";
				LD_RUNPATH_SEARCH_PATHS = (
					"$(inherited)",
					"@executable_path/Frameworks",
				);
				MARKETING_VERSION = 1.0;
				PRODUCT_BUNDLE_IDENTIFIER = "sstinc.lesson-8-again";
				PRODUCT_NAME = "$(TARGET_NAME)";
				SWIFT_EMIT_LOC_STRINGS = YES;
				SWIFT_VERSION = 5.0;
				TARGETED_DEVICE_FAMILY = "1,2";
			};
			name = Release;
		};
		596F5B672C8EE31B001B089A /* Debug */ = {
			isa = XCBuildConfiguration;
			buildSettings = {
				ALWAYS_EMBED_SWIFT_STANDARD_LIBRARIES = YES;
				BUNDLE_LOADER = "$(TEST_HOST)";
				CODE_SIGN_STYLE = Automatic;
				CURRENT_PROJECT_VERSION = 1;
				GENERATE_INFOPLIST_FILE = YES;
				IPHONEOS_DEPLOYMENT_TARGET = 17.5;
				MARKETING_VERSION = 1.0;
				PRODUCT_BUNDLE_IDENTIFIER = "sstinc.lesson-8-againTests";
				PRODUCT_NAME = "$(TARGET_NAME)";
				SWIFT_EMIT_LOC_STRINGS = NO;
				SWIFT_VERSION = 5.0;
				TARGETED_DEVICE_FAMILY = "1,2";
				TEST_HOST = "$(BUILT_PRODUCTS_DIR)/lesson 8 again.app/$(BUNDLE_EXECUTABLE_FOLDER_PATH)/lesson 8 again";
			};
			name = Debug;
		};
		596F5B682C8EE31B001B089A /* Release */ = {
			isa = XCBuildConfiguration;
			buildSettings = {
				ALWAYS_EMBED_SWIFT_STANDARD_LIBRARIES = YES;
				BUNDLE_LOADER = "$(TEST_HOST)";
				CODE_SIGN_STYLE = Automatic;
				CURRENT_PROJECT_VERSION = 1;
				GENERATE_INFOPLIST_FILE = YES;
				IPHONEOS_DEPLOYMENT_TARGET = 17.5;
				MARKETING_VERSION = 1.0;
				PRODUCT_BUNDLE_IDENTIFIER = "sstinc.lesson-8-againTests";
				PRODUCT_NAME = "$(TARGET_NAME)";
				SWIFT_EMIT_LOC_STRINGS = NO;
				SWIFT_VERSION = 5.0;
				TARGETED_DEVICE_FAMILY = "1,2";
				TEST_HOST = "$(BUILT_PRODUCTS_DIR)/lesson 8 again.app/$(BUNDLE_EXECUTABLE_FOLDER_PATH)/lesson 8 again";
			};
			name = Release;
		};
		596F5B6A2C8EE31B001B089A /* Debug */ = {
			isa = XCBuildConfiguration;
			buildSettings = {
				ALWAYS_EMBED_SWIFT_STANDARD_LIBRARIES = YES;
				CODE_SIGN_STYLE = Automatic;
				CURRENT_PROJECT_VERSION = 1;
				GENERATE_INFOPLIST_FILE = YES;
				MARKETING_VERSION = 1.0;
				PRODUCT_BUNDLE_IDENTIFIER = "sstinc.lesson-8-againUITests";
				PRODUCT_NAME = "$(TARGET_NAME)";
				SWIFT_EMIT_LOC_STRINGS = NO;
				SWIFT_VERSION = 5.0;
				TARGETED_DEVICE_FAMILY = "1,2";
				TEST_TARGET_NAME = "lesson 8 again";
			};
			name = Debug;
		};
		596F5B6B2C8EE31B001B089A /* Release */ = {
			isa = XCBuildConfiguration;
			buildSettings = {
				ALWAYS_EMBED_SWIFT_STANDARD_LIBRARIES = YES;
				CODE_SIGN_STYLE = Automatic;
				CURRENT_PROJECT_VERSION = 1;
				GENERATE_INFOPLIST_FILE = YES;
				MARKETING_VERSION = 1.0;
				PRODUCT_BUNDLE_IDENTIFIER = "sstinc.lesson-8-againUITests";
				PRODUCT_NAME = "$(TARGET_NAME)";
				SWIFT_EMIT_LOC_STRINGS = NO;
				SWIFT_VERSION = 5.0;
				TARGETED_DEVICE_FAMILY = "1,2";
				TEST_TARGET_NAME = "lesson 8 again";
			};
			name = Release;
		};
/* End XCBuildConfiguration section */

/* Begin XCConfigurationList section */
		596F5B3A2C8EE319001B089A /* Build configuration list for PBXProject "lesson 8 again" */ = {
			isa = XCConfigurationList;
			buildConfigurations = (
				596F5B612C8EE31B001B089A /* Debug */,
				596F5B622C8EE31B001B089A /* Release */,
			);
			defaultConfigurationIsVisible = 0;
			defaultConfigurationName = Release;
		};
		596F5B632C8EE31B001B089A /* Build configuration list for PBXNativeTarget "lesson 8 again" */ = {
			isa = XCConfigurationList;
			buildConfigurations = (
				596F5B642C8EE31B001B089A /* Debug */,
				596F5B652C8EE31B001B089A /* Release */,
			);
			defaultConfigurationIsVisible = 0;
			defaultConfigurationName = Release;
		};
		596F5B662C8EE31B001B089A /* Build configuration list for PBXNativeTarget "lesson 8 againTests" */ = {
			isa = XCConfigurationList;
			buildConfigurations = (
				596F5B672C8EE31B001B089A /* Debug */,
				596F5B682C8EE31B001B089A /* Release */,
			);
			defaultConfigurationIsVisible = 0;
			defaultConfigurationName = Release;
		};
		596F5B692C8EE31B001B089A /* Build configuration list for PBXNativeTarget "lesson 8 againUITests" */ = {
			isa = XCConfigurationList;
			buildConfigurations = (
				596F5B6A2C8EE31B001B089A /* Debug */,
				596F5B6B2C8EE31B001B089A /* Release */,
			);
			defaultConfigurationIsVisible = 0;
			defaultConfigurationName = Release;
		};
/* End XCConfigurationList section */
	};
	rootObject = 596F5B372C8EE319001B089A /* Project object */;
}
